Microsoft Visual Studio Solution File, Format Version 12.00
# Visual Studio Version 17
VisualStudioVersion = 17.5.2.0
MinimumVisualStudioVersion = 10.0.40219.1

Project("{FAE04EC0-301F-11D3-BF4B-00C04F79EFBC}") = "Darci.Shared", "Darci.Shared\Darci.Shared.csproj", "{B0000000-0000-0000-0000-000000000001}"
EndProject
Project("{FAE04EC0-301F-11D3-BF4B-00C04F79EFBC}") = "Darci.Brain", "Darci.Brain\Darci.Brain.csproj", "{B0000000-0000-0000-0000-000000000002}"
EndProject
Project("{FAE04EC0-301F-11D3-BF4B-00C04F79EFBC}") = "Darci.Personality", "Darci.Personality\Darci.Personality.csproj", "{B0000000-0000-0000-0000-000000000003}"
EndProject
Project("{FAE04EC0-301F-11D3-BF4B-00C04F79EFBC}") = "Darci.Memory", "Darci.Memory\Darci.Memory.csproj", "{B0000000-0000-0000-0000-000000000004}"
EndProject
Project("{FAE04EC0-301F-11D3-BF4B-00C04F79EFBC}") = "Darci.Goals", "Darci.Goals\Darci.Goals.csproj", "{B0000000-0000-0000-0000-000000000005}"
EndProject
Project("{FAE04EC0-301F-11D3-BF4B-00C04F79EFBC}") = "Darci.Tools", "Darci.Tools\Darci.Tools.csproj", "{B0000000-0000-0000-0000-000000000006}"
EndProject
Project("{FAE04EC0-301F-11D3-BF4B-00C04F79EFBC}") = "Darci.Core", "Darci.Core\Darci.Core.csproj", "{B0000000-0000-0000-0000-000000000007}"
EndProject
Project("{FAE04EC0-301F-11D3-BF4B-00C04F79EFBC}") = "Darci.Api", "Darci.Api\Darci.Api.csproj", "{B0000000-0000-0000-0000-000000000008}"
EndProject

Global
    GlobalSection(SolutionConfigurationPlatforms) = preSolution
        Debug|Any CPU = Debug|Any CPU
        Release|Any CPU = Release|Any CPU
    EndGlobalSection
    GlobalSection(ProjectConfigurationPlatforms) = postSolution
        {B0000000-0000-0000-0000-000000000001}.Debug|Any CPU.ActiveCfg = Debug|Any CPU
        {B0000000-0000-0000-0000-000000000001}.Debug|Any CPU.Build.0 = Debug|Any CPU
        {B0000000-0000-0000-0000-000000000001}.Release|Any CPU.ActiveCfg = Release|Any CPU
        {B0000000-0000-0000-0000-000000000001}.Release|Any CPU.Build.0 = Release|Any CPU
        {B0000000-0000-0000-0000-000000000002}.Debug|Any CPU.ActiveCfg = Debug|Any CPU
        {B0000000-0000-0000-0000-000000000002}.Debug|Any CPU.Build.0 = Debug|Any CPU
        {B0000000-0000-0000-0000-000000000002}.Release|Any CPU.ActiveCfg = Release|Any CPU
        {B0000000-0000-0000-0000-000000000002}.Release|Any CPU.Build.0 = Release|Any CPU
        {B0000000-0000-0000-0000-000000000003}.Debug|Any CPU.ActiveCfg = Debug|Any CPU
        {B0000000-0000-0000-0000-000000000003}.Debug|Any CPU.Build.0 = Debug|Any CPU
        {B0000000-0000-0000-0000-000000000003}.Release|Any CPU.ActiveCfg = Release|Any CPU
        {B0000000-0000-0000-0000-000000000003}.Release|Any CPU.Build.0 = Release|Any CPU
        {B0000000-0000-0000-0000-000000000004}.Debug|Any CPU.ActiveCfg = Debug|Any CPU
        {B0000000-0000-0000-0000-000000000004}.Debug|Any CPU.Build.0 = Debug|Any CPU
        {B0000000-0000-0000-0000-000000000004}.Release|Any CPU.ActiveCfg = Release|Any CPU
        {B0000000-0000-0000-0000-000000000004}.Release|Any CPU.Build.0 = Release|Any CPU
        {B0000000-0000-0000-0000-000000000005}.Debug|Any CPU.ActiveCfg = Debug|Any CPU
        {B0000000-0000-0000-0000-000000000005}.Debug|Any CPU.Build.0 = Debug|Any CPU
        {B0000000-0000-0000-0000-000000000005}.Release|Any CPU.ActiveCfg = Release|Any CPU
        {B0000000-0000-0000-0000-000000000005}.Release|Any CPU.Build.0 = Release|Any CPU
        {B0000000-0000-0000-0000-000000000006}.Debug|Any CPU.ActiveCfg = Debug|Any CPU
        {B0000000-0000-0000-0000-000000000006}.Debug|Any CPU.Build.0 = Debug|Any CPU
        {B0000000-0000-0000-0000-000000000006}.Release|Any CPU.ActiveCfg = Release|Any CPU
        {B0000000-0000-0000-0000-000000000006}.Release|Any CPU.Build.0 = Release|Any CPU
        {B0000000-0000-0000-0000-000000000007}.Debug|Any CPU.ActiveCfg = Debug|Any CPU
        {B0000000-0000-0000-0000-000000000007}.Debug|Any CPU.Build.0 = Debug|Any CPU
        {B0000000-0000-0000-0000-000000000007}.Release|Any CPU.ActiveCfg = Release|Any CPU
        {B0000000-0000-0000-0000-000000000007}.Release|Any CPU.Build.0 = Release|Any CPU
        {B0000000-0000-0000-0000-000000000008}.Debug|Any CPU.ActiveCfg = Debug|Any CPU
        {B0000000-0000-0000-0000-000000000008}.Debug|Any CPU.Build.0 = Debug|Any CPU
        {B0000000-0000-0000-0000-000000000008}.Release|Any CPU.ActiveCfg = Release|Any CPU
        {B0000000-0000-0000-0000-000000000008}.Release|Any CPU.Build.0 = Release|Any CPU
    EndGlobalSection
EndGlobal
